// !$*UTF8*$!
{
	archiveVersion = 1;
	classes = {
	};
	objectVersion = 56;
	objects = {

/* Begin PBXBuildFile section */
		188EBE5A2C5397F000562689 /* AppDelegate.swift in Sources */ = {isa = PBXBuildFile; fileRef = 188EBE592C5397F000562689 /* AppDelegate.swift */; };
		188EBE5C2C5397F000562689 /* SceneDelegate.swift in Sources */ = {isa = PBXBuildFile; fileRef = 188EBE5B2C5397F000562689 /* SceneDelegate.swift */; };
		188EBE5E2C5397F000562689 /* LoginViewController.swift in Sources */ = {isa = PBXBuildFile; fileRef = 188EBE5D2C5397F000562689 /* LoginViewController.swift */; };
		188EBE612C5397F000562689 /* Main.storyboard in Resources */ = {isa = PBXBuildFile; fileRef = 188EBE5F2C5397F000562689 /* Main.storyboard */; };
		188EBE642C5397F000562689 /* NewDemoProject.xcdatamodeld in Sources */ = {isa = PBXBuildFile; fileRef = 188EBE622C5397F000562689 /* NewDemoProject.xcdatamodeld */; };
		188EBE662C53980B00562689 /* Assets.xcassets in Resources */ = {isa = PBXBuildFile; fileRef = 188EBE652C53980B00562689 /* Assets.xcassets */; };
		188EBE692C53980C00562689 /* LaunchScreen.storyboard in Resources */ = {isa = PBXBuildFile; fileRef = 188EBE672C53980C00562689 /* LaunchScreen.storyboard */; };
		188EBE742C53980C00562689 /* NewDemoProjectTests.swift in Sources */ = {isa = PBXBuildFile; fileRef = 188EBE732C53980C00562689 /* NewDemoProjectTests.swift */; };
		188EBE7E2C53980C00562689 /* NewDemoProjectUITests.swift in Sources */ = {isa = PBXBuildFile; fileRef = 188EBE7D2C53980C00562689 /* NewDemoProjectUITests.swift */; };
		188EBE802C53980C00562689 /* NewDemoProjectUITestsLaunchTests.swift in Sources */ = {isa = PBXBuildFile; fileRef = 188EBE7F2C53980C00562689 /* NewDemoProjectUITestsLaunchTests.swift */; };
		188EBE8D2C53988E00562689 /* CoreDataHandler.swift in Sources */ = {isa = PBXBuildFile; fileRef = 188EBE8C2C53988E00562689 /* CoreDataHandler.swift */; };
		188EBE8F2C5398EE00562689 /* NetworkManager.swift in Sources */ = {isa = PBXBuildFile; fileRef = 188EBE8E2C5398EE00562689 /* NetworkManager.swift */; };
		188EBE912C53991B00562689 /* Inspection.swift in Sources */ = {isa = PBXBuildFile; fileRef = 188EBE902C53991B00562689 /* Inspection.swift */; };
		188EBE932C53996000562689 /* HomeViewController.swift in Sources */ = {isa = PBXBuildFile; fileRef = 188EBE922C53996000562689 /* HomeViewController.swift */; };
		188EBE962C53A09700562689 /* CDInspection+CoreDataClass.swift in Sources */ = {isa = PBXBuildFile; fileRef = 188EBE942C53A09700562689 /* CDInspection+CoreDataClass.swift */; };
		188EBE972C53A09700562689 /* CDInspection+CoreDataProperties.swift in Sources */ = {isa = PBXBuildFile; fileRef = 188EBE952C53A09700562689 /* CDInspection+CoreDataProperties.swift */; };
/* End PBXBuildFile section */

/* Begin PBXContainerItemProxy section */
		188EBE702C53980C00562689 /* PBXContainerItemProxy */ = {
			isa = PBXContainerItemProxy;
			containerPortal = 188EBE4E2C5397F000562689 /* Project object */;
			proxyType = 1;
			remoteGlobalIDString = 188EBE552C5397F000562689;
			remoteInfo = NewDemoProject;
		};
		188EBE7A2C53980C00562689 /* PBXContainerItemProxy */ = {
			isa = PBXContainerItemProxy;
			containerPortal = 188EBE4E2C5397F000562689 /* Project object */;
			proxyType = 1;
			remoteGlobalIDString = 188EBE552C5397F000562689;
			remoteInfo = NewDemoProject;
		};
/* End PBXContainerItemProxy section */

/* Begin PBXFileReference section */
		188EBE562C5397F000562689 /* NewDemoProject.app */ = {isa = PBXFileReference; explicitFileType = wrapper.application; includeInIndex = 0; path = NewDemoProject.app; sourceTree = BUILT_PRODUCTS_DIR; };
		188EBE592C5397F000562689 /* AppDelegate.swift */ = {isa = PBXFileReference; lastKnownFileType = sourcecode.swift; path = AppDelegate.swift; sourceTree = "<group>"; };
		188EBE5B2C5397F000562689 /* SceneDelegate.swift */ = {isa = PBXFileReference; lastKnownFileType = sourcecode.swift; path = SceneDelegate.swift; sourceTree = "<group>"; };
		188EBE5D2C5397F000562689 /* LoginViewController.swift */ = {isa = PBXFileReference; lastKnownFileType = sourcecode.swift; path = LoginViewController.swift; sourceTree = "<group>"; };
		188EBE602C5397F000562689 /* Base */ = {isa = PBXFileReference; lastKnownFileType = file.storyboard; name = Base; path = Base.lproj/Main.storyboard; sourceTree = "<group>"; };
		188EBE632C5397F000562689 /* NewDemoProject.xcdatamodel */ = {isa = PBXFileReference; lastKnownFileType = wrapper.xcdatamodel; path = NewDemoProject.xcdatamodel; sourceTree = "<group>"; };
		188EBE652C53980B00562689 /* Assets.xcassets */ = {isa = PBXFileReference; lastKnownFileType = folder.assetcatalog; path = Assets.xcassets; sourceTree = "<group>"; };
		188EBE682C53980C00562689 /* Base */ = {isa = PBXFileReference; lastKnownFileType = file.storyboard; name = Base; path = Base.lproj/LaunchScreen.storyboard; sourceTree = "<group>"; };
		188EBE6A2C53980C00562689 /* Info.plist */ = {isa = PBXFileReference; lastKnownFileType = text.plist.xml; path = Info.plist; sourceTree = "<group>"; };
		188EBE6F2C53980C00562689 /* NewDemoProjectTests.xctest */ = {isa = PBXFileReference; explicitFileType = wrapper.cfbundle; includeInIndex = 0; path = NewDemoProjectTests.xctest; sourceTree = BUILT_PRODUCTS_DIR; };
		188EBE732C53980C00562689 /* NewDemoProjectTests.swift */ = {isa = PBXFileReference; lastKnownFileType = sourcecode.swift; path = NewDemoProjectTests.swift; sourceTree = "<group>"; };
		188EBE792C53980C00562689 /* NewDemoProjectUITests.xctest */ = {isa = PBXFileReference; explicitFileType = wrapper.cfbundle; includeInIndex = 0; path = NewDemoProjectUITests.xctest; sourceTree = BUILT_PRODUCTS_DIR; };
		188EBE7D2C53980C00562689 /* NewDemoProjectUITests.swift */ = {isa = PBXFileReference; lastKnownFileType = sourcecode.swift; path = NewDemoProjectUITests.swift; sourceTree = "<group>"; };
		188EBE7F2C53980C00562689 /* NewDemoProjectUITestsLaunchTests.swift */ = {isa = PBXFileReference; lastKnownFileType = sourcecode.swift; path = NewDemoProjectUITestsLaunchTests.swift; sourceTree = "<group>"; };
		188EBE8C2C53988E00562689 /* CoreDataHandler.swift */ = {isa = PBXFileReference; lastKnownFileType = sourcecode.swift; path = CoreDataHandler.swift; sourceTree = "<group>"; };
		188EBE8E2C5398EE00562689 /* NetworkManager.swift */ = {isa = PBXFileReference; lastKnownFileType = sourcecode.swift; path = NetworkManager.swift; sourceTree = "<group>"; };
		188EBE902C53991B00562689 /* Inspection.swift */ = {isa = PBXFileReference; lastKnownFileType = sourcecode.swift; path = Inspection.swift; sourceTree = "<group>"; };
		188EBE922C53996000562689 /* HomeViewController.swift */ = {isa = PBXFileReference; lastKnownFileType = sourcecode.swift; path = HomeViewController.swift; sourceTree = "<group>"; };
		188EBE942C53A09700562689 /* CDInspection+CoreDataClass.swift */ = {isa = PBXFileReference; lastKnownFileType = sourcecode.swift; path = "CDInspection+CoreDataClass.swift"; sourceTree = "<group>"; };
		188EBE952C53A09700562689 /* CDInspection+CoreDataProperties.swift */ = {isa = PBXFileReference; lastKnownFileType = sourcecode.swift; path = "CDInspection+CoreDataProperties.swift"; sourceTree = "<group>"; };
/* End PBXFileReference section */

/* Begin PBXFrameworksBuildPhase section */
		188EBE532C5397F000562689 /* Frameworks */ = {
			isa = PBXFrameworksBuildPhase;
			buildActionMask = 2147483647;
			files = (
			);
			runOnlyForDeploymentPostprocessing = 0;
		};
		188EBE6C2C53980C00562689 /* Frameworks */ = {
			isa = PBXFrameworksBuildPhase;
			buildActionMask = 2147483647;
			files = (
			);
			runOnlyForDeploymentPostprocessing = 0;
		};
		188EBE762C53980C00562689 /* Frameworks */ = {
			isa = PBXFrameworksBuildPhase;
			buildActionMask = 2147483647;
			files = (
			);
			runOnlyForDeploymentPostprocessing = 0;
		};
/* End PBXFrameworksBuildPhase section */

/* Begin PBXGroup section */
		188EBE4D2C5397F000562689 = {
			isa = PBXGroup;
			children = (
				188EBE942C53A09700562689 /* CDInspection+CoreDataClass.swift */,
				188EBE952C53A09700562689 /* CDInspection+CoreDataProperties.swift */,
				188EBE582C5397F000562689 /* NewDemoProject */,
				188EBE722C53980C00562689 /* NewDemoProjectTests */,
				188EBE7C2C53980C00562689 /* NewDemoProjectUITests */,
				188EBE572C5397F000562689 /* Products */,
			);
			sourceTree = "<group>";
		};
		188EBE572C5397F000562689 /* Products */ = {
			isa = PBXGroup;
			children = (
				188EBE562C5397F000562689 /* NewDemoProject.app */,
				188EBE6F2C53980C00562689 /* NewDemoProjectTests.xctest */,
				188EBE792C53980C00562689 /* NewDemoProjectUITests.xctest */,
			);
			name = Products;
			sourceTree = "<group>";
		};
		188EBE582C5397F000562689 /* NewDemoProject */ = {
			isa = PBXGroup;
			children = (
				188EBE592C5397F000562689 /* AppDelegate.swift */,
				188EBE5B2C5397F000562689 /* SceneDelegate.swift */,
				188EBE5D2C5397F000562689 /* LoginViewController.swift */,
				188EBE8C2C53988E00562689 /* CoreDataHandler.swift */,
				188EBE902C53991B00562689 /* Inspection.swift */,
				188EBE8E2C5398EE00562689 /* NetworkManager.swift */,
				188EBE922C53996000562689 /* HomeViewController.swift */,
				188EBE5F2C5397F000562689 /* Main.storyboard */,
				188EBE652C53980B00562689 /* Assets.xcassets */,
				188EBE672C53980C00562689 /* LaunchScreen.storyboard */,
				188EBE6A2C53980C00562689 /* Info.plist */,
				188EBE622C5397F000562689 /* NewDemoProject.xcdatamodeld */,
			);
			path = NewDemoProject;
			sourceTree = "<group>";
		};
		188EBE722C53980C00562689 /* NewDemoProjectTests */ = {
			isa = PBXGroup;
			children = (
				188EBE732C53980C00562689 /* NewDemoProjectTests.swift */,
			);
			path = NewDemoProjectTests;
			sourceTree = "<group>";
		};
		188EBE7C2C53980C00562689 /* NewDemoProjectUITests */ = {
			isa = PBXGroup;
			children = (
				188EBE7D2C53980C00562689 /* NewDemoProjectUITests.swift */,
				188EBE7F2C53980C00562689 /* NewDemoProjectUITestsLaunchTests.swift */,
			);
			path = NewDemoProjectUITests;
			sourceTree = "<group>";
		};
/* End PBXGroup section */

/* Begin PBXNativeTarget section */
		188EBE552C5397F000562689 /* NewDemoProject */ = {
			isa = PBXNativeTarget;
			buildConfigurationList = 188EBE832C53980C00562689 /* Build configuration list for PBXNativeTarget "NewDemoProject" */;
			buildPhases = (
				188EBE522C5397F000562689 /* Sources */,
				188EBE532C5397F000562689 /* Frameworks */,
				188EBE542C5397F000562689 /* Resources */,
			);
			buildRules = (
			);
			dependencies = (
			);
			name = NewDemoProject;
			productName = NewDemoProject;
			productReference = 188EBE562C5397F000562689 /* NewDemoProject.app */;
			productType = "com.apple.product-type.application";
		};
		188EBE6E2C53980C00562689 /* NewDemoProjectTests */ = {
			isa = PBXNativeTarget;
			buildConfigurationList = 188EBE862C53980C00562689 /* Build configuration list for PBXNativeTarget "NewDemoProjectTests" */;
			buildPhases = (
				188EBE6B2C53980C00562689 /* Sources */,
				188EBE6C2C53980C00562689 /* Frameworks */,
				188EBE6D2C53980C00562689 /* Resources */,
			);
			buildRules = (
			);
			dependencies = (
				188EBE712C53980C00562689 /* PBXTargetDependency */,
			);
			name = NewDemoProjectTests;
			productName = NewDemoProjectTests;
			productReference = 188EBE6F2C53980C00562689 /* NewDemoProjectTests.xctest */;
			productType = "com.apple.product-type.bundle.unit-test";
		};
		188EBE782C53980C00562689 /* NewDemoProjectUITests */ = {
			isa = PBXNativeTarget;
			buildConfigurationList = 188EBE892C53980C00562689 /* Build configuration list for PBXNativeTarget "NewDemoProjectUITests" */;
			buildPhases = (
				188EBE752C53980C00562689 /* Sources */,
				188EBE762C53980C00562689 /* Frameworks */,
				188EBE772C53980C00562689 /* Resources */,
			);
			buildRules = (
			);
			dependencies = (
				188EBE7B2C53980C00562689 /* PBXTargetDependency */,
			);
			name = NewDemoProjectUITests;
			productName = NewDemoProjectUITests;
			productReference = 188EBE792C53980C00562689 /* NewDemoProjectUITests.xctest */;
			productType = "com.apple.product-type.bundle.ui-testing";
		};
/* End PBXNativeTarget section */

/* Begin PBXProject section */
		188EBE4E2C5397F000562689 /* Project object */ = {
			isa = PBXProject;
			attributes = {
				BuildIndependentTargetsInParallel = 1;
				LastSwiftUpdateCheck = 1500;
				LastUpgradeCheck = 1500;
				TargetAttributes = {
					188EBE552C5397F000562689 = {
						CreatedOnToolsVersion = 15.0;
					};
					188EBE6E2C53980C00562689 = {
						CreatedOnToolsVersion = 15.0;
						TestTargetID = 188EBE552C5397F000562689;
					};
					188EBE782C53980C00562689 = {
						CreatedOnToolsVersion = 15.0;
						TestTargetID = 188EBE552C5397F000562689;
					};
				};
			};
			buildConfigurationList = 188EBE512C5397F000562689 /* Build configuration list for PBXProject "NewDemoProject" */;
			compatibilityVersion = "Xcode 14.0";
			developmentRegion = en;
			hasScannedForEncodings = 0;
			knownRegions = (
				en,
				Base,
			);
			mainGroup = 188EBE4D2C5397F000562689;
			productRefGroup = 188EBE572C5397F000562689 /* Products */;
			projectDirPath = "";
			projectRoot = "";
			targets = (
				188EBE552C5397F000562689 /* NewDemoProject */,
				188EBE6E2C53980C00562689 /* NewDemoProjectTests */,
				188EBE782C53980C00562689 /* NewDemoProjectUITests */,
			);
		};
/* End PBXProject section */

/* Begin PBXResourcesBuildPhase section */
		188EBE542C5397F000562689 /* Resources */ = {
			isa = PBXResourcesBuildPhase;
			buildActionMask = 2147483647;
			files = (
				188EBE692C53980C00562689 /* LaunchScreen.storyboard in Resources */,
				188EBE662C53980B00562689 /* Assets.xcassets in Resources */,
				188EBE612C5397F000562689 /* Main.storyboard in Resources */,
			);
			runOnlyForDeploymentPostprocessing = 0;
		};
		188EBE6D2C53980C00562689 /* Resources */ = {
			isa = PBXResourcesBuildPhase;
			buildActionMask = 2147483647;
			files = (
			);
			runOnlyForDeploymentPostprocessing = 0;
		};
		188EBE772C53980C00562689 /* Resources */ = {
			isa = PBXResourcesBuildPhase;
			buildActionMask = 2147483647;
			files = (
			);
			runOnlyForDeploymentPostprocessing = 0;
		};
/* End PBXResourcesBuildPhase section */

/* Begin PBXSourcesBuildPhase section */
		188EBE522C5397F000562689 /* Sources */ = {
			isa = PBXSourcesBuildPhase;
			buildActionMask = 2147483647;
			files = (
				188EBE962C53A09700562689 /* CDInspection+CoreDataClass.swift in Sources */,
				188EBE8F2C5398EE00562689 /* NetworkManager.swift in Sources */,
				188EBE972C53A09700562689 /* CDInspection+CoreDataProperties.swift in Sources */,
				188EBE5E2C5397F000562689 /* LoginViewController.swift in Sources */,
				188EBE8D2C53988E00562689 /* CoreDataHandler.swift in Sources */,
				188EBE932C53996000562689 /* HomeViewController.swift in Sources */,
				188EBE912C53991B00562689 /* Inspection.swift in Sources */,
				188EBE642C5397F000562689 /* NewDemoProject.xcdatamodeld in Sources */,
				188EBE5A2C5397F000562689 /* AppDelegate.swift in Sources */,
				188EBE5C2C5397F000562689 /* SceneDelegate.swift in Sources */,
			);
			runOnlyForDeploymentPostprocessing = 0;
		};
		188EBE6B2C53980C00562689 /* Sources */ = {
			isa = PBXSourcesBuildPhase;
			buildActionMask = 2147483647;
			files = (
				188EBE742C53980C00562689 /* NewDemoProjectTests.swift in Sources */,
			);
			runOnlyForDeploymentPostprocessing = 0;
		};
		188EBE752C53980C00562689 /* Sources */ = {
			isa = PBXSourcesBuildPhase;
			buildActionMask = 2147483647;
			files = (
				188EBE802C53980C00562689 /* NewDemoProjectUITestsLaunchTests.swift in Sources */,
				188EBE7E2C53980C00562689 /* NewDemoProjectUITests.swift in Sources */,
			);
			runOnlyForDeploymentPostprocessing = 0;
		};
/* End PBXSourcesBuildPhase section */

/* Begin PBXTargetDependency section */
		188EBE712C53980C00562689 /* PBXTargetDependency */ = {
			isa = PBXTargetDependency;
			target = 188EBE552C5397F000562689 /* NewDemoProject */;
			targetProxy = 188EBE702C53980C00562689 /* PBXContainerItemProxy */;
		};
		188EBE7B2C53980C00562689 /* PBXTargetDependency */ = {
			isa = PBXTargetDependency;
			target = 188EBE552C5397F000562689 /* NewDemoProject */;
			targetProxy = 188EBE7A2C53980C00562689 /* PBXContainerItemProxy */;
		};
/* End PBXTargetDependency section */

/* Begin PBXVariantGroup section */
		188EBE5F2C5397F000562689 /* Main.storyboard */ = {
			isa = PBXVariantGroup;
			children = (
				188EBE602C5397F000562689 /* Base */,
			);
			name = Main.storyboard;
			sourceTree = "<group>";
		};
		188EBE672C53980C00562689 /* LaunchScreen.storyboard */ = {
			isa = PBXVariantGroup;
			children = (
				188EBE682C53980C00562689 /* Base */,
			);
			name = LaunchScreen.storyboard;
			sourceTree = "<group>";
		};
/* End PBXVariantGroup section */

/* Begin XCBuildConfiguration section */
		188EBE812C53980C00562689 /* Debug */ = {
			isa = XCBuildConfiguration;
			buildSettings = {
				ALWAYS_SEARCH_USER_PATHS = NO;
				ASSETCATALOG_COMPILER_GENERATE_SWIFT_ASSET_SYMBOL_EXTENSIONS = YES;
				CLANG_ANALYZER_NONNULL = YES;
				CLANG_ANALYZER_NUMBER_OBJECT_CONVERSION = YES_AGGRESSIVE;
				CLANG_CXX_LANGUAGE_STANDARD = "gnu++20";
				CLANG_ENABLE_MODULES = YES;
				CLANG_ENABLE_OBJC_ARC = YES;
				CLANG_ENABLE_OBJC_WEAK = YES;
				CLANG_WARN_BLOCK_CAPTURE_AUTORELEASING = YES;
				CLANG_WARN_BOOL_CONVERSION = YES;
				CLANG_WARN_COMMA = YES;
				CLANG_WARN_CONSTANT_CONVERSION = YES;
				CLANG_WARN_DEPRECATED_OBJC_IMPLEMENTATIONS = YES;
				CLANG_WARN_DIRECT_OBJC_ISA_USAGE = YES_ERROR;
				CLANG_WARN_DOCUMENTATION_COMMENTS = YES;
				CLANG_WARN_EMPTY_BODY = YES;
				CLANG_WARN_ENUM_CONVERSION = YES;
				CLANG_WARN_INFINITE_RECURSION = YES;
				CLANG_WARN_INT_CONVERSION = YES;
				CLANG_WARN_NON_LITERAL_NULL_CONVERSION = YES;
				CLANG_WARN_OBJC_IMPLICIT_RETAIN_SELF = YES;
				CLANG_WARN_OBJC_LITERAL_CONVERSION = YES;
				CLANG_WARN_OBJC_ROOT_CLASS = YES_ERROR;
				CLANG_WARN_QUOTED_INCLUDE_IN_FRAMEWORK_HEADER = YES;
				CLANG_WARN_RANGE_LOOP_ANALYSIS = YES;
				CLANG_WARN_STRICT_PROTOTYPES = YES;
				CLANG_WARN_SUSPICIOUS_MOVE = YES;
				CLANG_WARN_UNGUARDED_AVAILABILITY = YES_AGGRESSIVE;
				CLANG_WARN_UNREACHABLE_CODE = YES;
				CLANG_WARN__DUPLICATE_METHOD_MATCH = YES;
				COPY_PHASE_STRIP = NO;
				DEBUG_INFORMATION_FORMAT = dwarf;
				ENABLE_STRICT_OBJC_MSGSEND = YES;
				ENABLE_TESTABILITY = YES;
				ENABLE_USER_SCRIPT_SANDBOXING = YES;
				GCC_C_LANGUAGE_STANDARD = gnu17;
				GCC_DYNAMIC_NO_PIC = NO;
				GCC_NO_COMMON_BLOCKS = YES;
				GCC_OPTIMIZATION_LEVEL = 0;
				GCC_PREPROCESSOR_DEFINITIONS = (
					"DEBUG=1",
					"$(inherited)",
				);
				GCC_WARN_64_TO_32_BIT_CONVERSION = YES;
				GCC_WARN_ABOUT_RETURN_TYPE = YES_ERROR;
				GCC_WARN_UNDECLARED_SELECTOR = YES;
				GCC_WARN_UNINITIALIZED_AUTOS = YES_AGGRESSIVE;
				GCC_WARN_UNUSED_FUNCTION = YES;
				GCC_WARN_UNUSED_VARIABLE = YES;
				IPHONEOS_DEPLOYMENT_TARGET = 17.0;
				LOCALIZATION_PREFERS_STRING_CATALOGS = YES;
				MTL_ENABLE_DEBUG_INFO = INCLUDE_SOURCE;
				MTL_FAST_MATH = YES;
				ONLY_ACTIVE_ARCH = YES;
				SDKROOT = iphoneos;
				SWIFT_ACTIVE_COMPILATION_CONDITIONS = "DEBUG $(inherited)";
				SWIFT_OPTIMIZATION_LEVEL = "-Onone";
			};
			name = Debug;
		};
		188EBE822C53980C00562689 /* Release */ = {
			isa = XCBuildConfiguration;
			buildSettings = {
				ALWAYS_SEARCH_USER_PATHS = NO;
				ASSETCATALOG_COMPILER_GENERATE_SWIFT_ASSET_SYMBOL_EXTENSIONS = YES;
				CLANG_ANALYZER_NONNULL = YES;
				CLANG_ANALYZER_NUMBER_OBJECT_CONVERSION = YES_AGGRESSIVE;
				CLANG_CXX_LANGUAGE_STANDARD = "gnu++20";
				CLANG_ENABLE_MODULES = YES;
				CLANG_ENABLE_OBJC_ARC = YES;
				CLANG_ENABLE_OBJC_WEAK = YES;
				CLANG_WARN_BLOCK_CAPTURE_AUTORELEASING = YES;
				CLANG_WARN_BOOL_CONVERSION = YES;
				CLANG_WARN_COMMA = YES;
				CLANG_WARN_CONSTANT_CONVERSION = YES;
				CLANG_WARN_DEPRECATED_OBJC_IMPLEMENTATIONS = YES;
				CLANG_WARN_DIRECT_OBJC_ISA_USAGE = YES_ERROR;
				CLANG_WARN_DOCUMENTATION_COMMENTS = YES;
				CLANG_WARN_EMPTY_BODY = YES;
				CLANG_WARN_ENUM_CONVERSION = YES;
				CLANG_WARN_INFINITE_RECURSION = YES;
				CLANG_WARN_INT_CONVERSION = YES;
				CLANG_WARN_NON_LITERAL_NULL_CONVERSION = YES;
				CLANG_WARN_OBJC_IMPLICIT_RETAIN_SELF = YES;
				CLANG_WARN_OBJC_LITERAL_CONVERSION = YES;
				CLANG_WARN_OBJC_ROOT_CLASS = YES_ERROR;
				CLANG_WARN_QUOTED_INCLUDE_IN_FRAMEWORK_HEADER = YES;
				CLANG_WARN_RANGE_LOOP_ANALYSIS = YES;
				CLANG_WARN_STRICT_PROTOTYPES = YES;
				CLANG_WARN_SUSPICIOUS_MOVE = YES;
				CLANG_WARN_UNGUARDED_AVAILABILITY = YES_AGGRESSIVE;
				CLANG_WARN_UNREACHABLE_CODE = YES;
				CLANG_WARN__DUPLICATE_METHOD_MATCH = YES;
				COPY_PHASE_STRIP = NO;
				DEBUG_INFORMATION_FORMAT = "dwarf-with-dsym";
				ENABLE_NS_ASSERTIONS = NO;
				ENABLE_STRICT_OBJC_MSGSEND = YES;
				ENABLE_USER_SCRIPT_SANDBOXING = YES;
				GCC_C_LANGUAGE_STANDARD = gnu17;
				GCC_NO_COMMON_BLOCKS = YES;
				GCC_WARN_64_TO_32_BIT_CONVERSION = YES;
				GCC_WARN_ABOUT_RETURN_TYPE = YES_ERROR;
				GCC_WARN_UNDECLARED_SELECTOR = YES;
				GCC_WARN_UNINITIALIZED_AUTOS = YES_AGGRESSIVE;
				GCC_WARN_UNUSED_FUNCTION = YES;
				GCC_WARN_UNUSED_VARIABLE = YES;
				IPHONEOS_DEPLOYMENT_TARGET = 17.0;
				LOCALIZATION_PREFERS_STRING_CATALOGS = YES;
				MTL_ENABLE_DEBUG_INFO = NO;
				MTL_FAST_MATH = YES;
				SDKROOT = iphoneos;
				SWIFT_COMPILATION_MODE = wholemodule;
				VALIDATE_PRODUCT = YES;
			};
			name = Release;
		};
		188EBE842C53980C00562689 /* Debug */ = {
			isa = XCBuildConfiguration;
			buildSettings = {
				ASSETCATALOG_COMPILER_APPICON_NAME = AppIcon;
				ASSETCATALOG_COMPILER_GLOBAL_ACCENT_COLOR_NAME = AccentColor;
				CODE_SIGN_STYLE = Automatic;
				CURRENT_PROJECT_VERSION = 1;
				DEVELOPMENT_TEAM = XGS9439GX5;
				GENERATE_INFOPLIST_FILE = YES;
				INFOPLIST_FILE = NewDemoProject/Info.plist;
				INFOPLIST_KEY_UIApplicationSupportsIndirectInputEvents = YES;
				INFOPLIST_KEY_UILaunchStoryboardName = LaunchScreen;
				INFOPLIST_KEY_UIMainStoryboardFile = Main;
				INFOPLIST_KEY_UISupportedInterfaceOrientations_iPad = "UIInterfaceOrientationPortrait UIInterfaceOrientationPortraitUpsideDown UIInterfaceOrientationLandscapeLeft UIInterfaceOrientationLandscapeRight";
				INFOPLIST_KEY_UISupportedInterfaceOrientations_iPhone = "UIInterfaceOrientationPortrait UIInterfaceOrientationLandscapeLeft UIInterfaceOrientationLandscapeRight";
				LD_RUNPATH_SEARCH_PATHS = (
					"$(inherited)",
					"@executable_path/Frameworks",
				);
				MARKETING_VERSION = 1.0;
				PRODUCT_BUNDLE_IDENTIFIER = com.isit.balveer.weddingstricker.NewDemoProject;
				PRODUCT_NAME = "$(TARGET_NAME)";
				SWIFT_EMIT_LOC_STRINGS = YES;
				SWIFT_VERSION = 5.0;
				TARGETED_DEVICE_FAMILY = "1,2";
			};
			name = Debug;
		};
		188EBE852C53980C00562689 /* Release */ = {
			isa = XCBuildConfiguration;
			buildSettings = {
				ASSETCATALOG_COMPILER_APPICON_NAME = AppIcon;
				ASSETCATALOG_COMPILER_GLOBAL_ACCENT_COLOR_NAME = AccentColor;
				CODE_SIGN_STYLE = Automatic;
				CURRENT_PROJECT_VERSION = 1;
				DEVELOPMENT_TEAM = XGS9439GX5;
				GENERATE_INFOPLIST_FILE = YES;
				INFOPLIST_FILE = NewDemoProject/Info.plist;
				INFOPLIST_KEY_UIApplicationSupportsIndirectInputEvents = YES;
				INFOPLIST_KEY_UILaunchStoryboardName = LaunchScreen;
				INFOPLIST_KEY_UIMainStoryboardFile = Main;
				INFOPLIST_KEY_UISupportedInterfaceOrientations_iPad = "UIInterfaceOrientationPortrait UIInterfaceOrientationPortraitUpsideDown UIInterfaceOrientationLandscapeLeft UIInterfaceOrientationLandscapeRight";
				INFOPLIST_KEY_UISupportedInterfaceOrientations_iPhone = "UIInterfaceOrientationPortrait UIInterfaceOrientationLandscapeLeft UIInterfaceOrientationLandscapeRight";
				LD_RUNPATH_SEARCH_PATHS = (
					"$(inherited)",
					"@executable_path/Frameworks",
				);
				MARKETING_VERSION = 1.0;
				PRODUCT_BUNDLE_IDENTIFIER = com.isit.balveer.weddingstricker.NewDemoProject;
				PRODUCT_NAME = "$(TARGET_NAME)";
				SWIFT_EMIT_LOC_STRINGS = YES;
				SWIFT_VERSION = 5.0;
				TARGETED_DEVICE_FAMILY = "1,2";
			};
			name = Release;
		};
		188EBE872C53980C00562689 /* Debug */ = {
			isa = XCBuildConfiguration;
			buildSettings = {
				ALWAYS_EMBED_SWIFT_STANDARD_LIBRARIES = YES;
				BUNDLE_LOADER = "$(TEST_HOST)";
				CODE_SIGN_STYLE = Automatic;
				CURRENT_PROJECT_VERSION = 1;
				DEVELOPMENT_TEAM = XGS9439GX5;
				GENERATE_INFOPLIST_FILE = YES;
				IPHONEOS_DEPLOYMENT_TARGET = 17.0;
				MARKETING_VERSION = 1.0;
				PRODUCT_BUNDLE_IDENTIFIER = com.isit.balveer.weddingstricker.NewDemoProjectTests;
				PRODUCT_NAME = "$(TARGET_NAME)";
				SWIFT_EMIT_LOC_STRINGS = NO;
				SWIFT_VERSION = 5.0;
				TARGETED_DEVICE_FAMILY = "1,2";
				TEST_HOST = "$(BUILT_PRODUCTS_DIR)/NewDemoProject.app/$(BUNDLE_EXECUTABLE_FOLDER_PATH)/NewDemoProject";
			};
			name = Debug;
		};
		188EBE882C53980C00562689 /* Release */ = {
			isa = XCBuildConfiguration;
			buildSettings = {
				ALWAYS_EMBED_SWIFT_STANDARD_LIBRARIES = YES;
				BUNDLE_LOADER = "$(TEST_HOST)";
				CODE_SIGN_STYLE = Automatic;
				CURRENT_PROJECT_VERSION = 1;
				DEVELOPMENT_TEAM = XGS9439GX5;
				GENERATE_INFOPLIST_FILE = YES;
				IPHONEOS_DEPLOYMENT_TARGET = 17.0;
				MARKETING_VERSION = 1.0;
				PRODUCT_BUNDLE_IDENTIFIER = com.isit.balveer.weddingstricker.NewDemoProjectTests;
				PRODUCT_NAME = "$(TARGET_NAME)";
				SWIFT_EMIT_LOC_STRINGS = NO;
				SWIFT_VERSION = 5.0;
				TARGETED_DEVICE_FAMILY = "1,2";
				TEST_HOST = "$(BUILT_PRODUCTS_DIR)/NewDemoProject.app/$(BUNDLE_EXECUTABLE_FOLDER_PATH)/NewDemoProject";
			};
			name = Release;
		};
		188EBE8A2C53980C00562689 /* Debug */ = {
			isa = XCBuildConfiguration;
			buildSettings = {
				ALWAYS_EMBED_SWIFT_STANDARD_LIBRARIES = YES;
				CODE_SIGN_STYLE = Automatic;
				CURRENT_PROJECT_VERSION = 1;
				DEVELOPMENT_TEAM = XGS9439GX5;
				GENERATE_INFOPLIST_FILE = YES;
				MARKETING_VERSION = 1.0;
				PRODUCT_BUNDLE_IDENTIFIER = com.isit.balveer.weddingstricker.NewDemoProjectUITests;
				PRODUCT_NAME = "$(TARGET_NAME)";
				SWIFT_EMIT_LOC_STRINGS = NO;
				SWIFT_VERSION = 5.0;
				TARGETED_DEVICE_FAMILY = "1,2";
				TEST_TARGET_NAME = NewDemoProject;
			};
			name = Debug;
		};
		188EBE8B2C53980C00562689 /* Release */ = {
			isa = XCBuildConfiguration;
			buildSettings = {
				ALWAYS_EMBED_SWIFT_STANDARD_LIBRARIES = YES;
				CODE_SIGN_STYLE = Automatic;
				CURRENT_PROJECT_VERSION = 1;
				DEVELOPMENT_TEAM = XGS9439GX5;
				GENERATE_INFOPLIST_FILE = YES;
				MARKETING_VERSION = 1.0;
				PRODUCT_BUNDLE_IDENTIFIER = com.isit.balveer.weddingstricker.NewDemoProjectUITests;
				PRODUCT_NAME = "$(TARGET_NAME)";
				SWIFT_EMIT_LOC_STRINGS = NO;
				SWIFT_VERSION = 5.0;
				TARGETED_DEVICE_FAMILY = "1,2";
				TEST_TARGET_NAME = NewDemoProject;
			};
			name = Release;
		};
/* End XCBuildConfiguration section */

/* Begin XCConfigurationList section */
		188EBE512C5397F000562689 /* Build configuration list for PBXProject "NewDemoProject" */ = {
			isa = XCConfigurationList;
			buildConfigurations = (
				188EBE812C53980C00562689 /* Debug */,
				188EBE822C53980C00562689 /* Release */,
			);
			defaultConfigurationIsVisible = 0;
			defaultConfigurationName = Release;
		};
		188EBE832C53980C00562689 /* Build configuration list for PBXNativeTarget "NewDemoProject" */ = {
			isa = XCConfigurationList;
			buildConfigurations = (
				188EBE842C53980C00562689 /* Debug */,
				188EBE852C53980C00562689 /* Release */,
			);
			defaultConfigurationIsVisible = 0;
			defaultConfigurationName = Release;
		};
		188EBE862C53980C00562689 /* Build configuration list for PBXNativeTarget "NewDemoProjectTests" */ = {
			isa = XCConfigurationList;
			buildConfigurations = (
				188EBE872C53980C00562689 /* Debug */,
				188EBE882C53980C00562689 /* Release */,
			);
			defaultConfigurationIsVisible = 0;
			defaultConfigurationName = Release;
		};
		188EBE892C53980C00562689 /* Build configuration list for PBXNativeTarget "NewDemoProjectUITests" */ = {
			isa = XCConfigurationList;
			buildConfigurations = (
				188EBE8A2C53980C00562689 /* Debug */,
				188EBE8B2C53980C00562689 /* Release */,
			);
			defaultConfigurationIsVisible = 0;
			defaultConfigurationName = Release;
		};
/* End XCConfigurationList section */

/* Begin XCVersionGroup section */
		188EBE622C5397F000562689 /* NewDemoProject.xcdatamodeld */ = {
			isa = XCVersionGroup;
			children = (
				188EBE632C5397F000562689 /* NewDemoProject.xcdatamodel */,
			);
			currentVersion = 188EBE632C5397F000562689 /* NewDemoProject.xcdatamodel */;
			path = NewDemoProject.xcdatamodeld;
			sourceTree = "<group>";
			versionGroupType = wrapper.xcdatamodel;
		};
/* End XCVersionGroup section */
	};
	rootObject = 188EBE4E2C5397F000562689 /* Project object */;
}
